# This file was autogenerated by Stack.
# You should not edit this file by hand.
# For more information, please see the documentation at:
#   https://docs.haskellstack.org/en/stable/lock_files

packages:
- completed:
    hackage: tasty-wai-0.1.1.0@sha256:ab1f3aa2d28821fe991fe3ae0757d3f07a707987a5a7af3d0d74dc599a6a8eff,1920
    pantry-tree:
      size: 369
      sha256: 85c734bc2a263f13408d3c33c7754b0092663096eeb9bbfd7be300aacafb3b8c
  original:
    hackage: tasty-wai-0.1.1.0@sha256:ab1f3aa2d28821fe991fe3ae0757d3f07a707987a5a7af3d0d74dc599a6a8eff,1920
snapshots:
- completed:
    size: 524996
    url: https://raw.githubusercontent.com/commercialhaskell/stackage-snapshots/master/lts/14/27.yaml
    sha256: 7ea31a280c56bf36ff591a7397cc384d0dff622e7f9e4225b47d8980f019a0f0
  original: lts-14.27
